
Microsoft Visual Studio Solution File, Format Version 12.00
# Visual Studio 2013
VisualStudioVersion = 12.0.21005.1
MinimumVisualStudioVersion = 10.0.40219.1
Project("{8BC9CEB8-8B4A-11D0-8D11-00A0C91BC942}") = "memshare", "memshare\memshare.vcxproj", "{85A0BE8F-4F80-468D-9ED1-98E7C7A4A1FF}"
EndProject
Project("{8BC9CEB8-8B4A-11D0-8D11-00A0C91BC942}") = "segfault", "segfault\segfault.vcxproj", "{A9D402E7-6B11-450A-901F-542C83221A2E}"
EndProject
Project("{8BC9CEB8-8B4A-11D0-8D11-00A0C91BC942}") = "evcall", "evcall\evcall.vcxproj", "{79AAEBA6-D1B9-450B-A835-B6C42BF68A25}"
EndProject
Project("{8BC9CEB8-8B4A-11D0-8D11-00A0C91BC942}") = "vlist", "vlist\vlist.vcxproj", "{3B63AC85-8296-45ED-9163-9E9CAC2FEBF1}"
EndProject
Project("{8BC9CEB8-8B4A-11D0-8D11-00A0C91BC942}") = "wplay", "wplay\wplay.vcxproj", "{80C64D6F-A842-48B5-9B20-3926C47FECAA}"
EndProject
Project("{8BC9CEB8-8B4A-11D0-8D11-00A0C91BC942}") = "cproc", "cproc\cproc.vcxproj", "{9F2D3272-F996-414F-8633-635AA265ECBD}"
EndProject
Project("{8BC9CEB8-8B4A-11D0-8D11-00A0C91BC942}") = "lproc", "lproc\lproc.vcxproj", "{006492B3-64D0-44F7-99AE-F6E4AD38AEAE}"
EndProject
Project("{8BC9CEB8-8B4A-11D0-8D11-00A0C91BC942}") = "topwin", "topwin\topwin.vcxproj", "{94B3F063-7E0D-45AA-9952-A7BFB7361513}"
EndProject
Project("{8BC9CEB8-8B4A-11D0-8D11-00A0C91BC942}") = "dllbase", "dllbase\dllbase.vcxproj", "{89D5A60A-6BB2-4A6F-9591-2B2FBFD2205B}"
EndProject
Project("{8BC9CEB8-8B4A-11D0-8D11-00A0C91BC942}") = "pecheck", "pecheck\pecheck.vcxproj", "{5C6656A2-BE57-4A11-BBA4-10DC08096F61}"
EndProject
Project("{8BC9CEB8-8B4A-11D0-8D11-00A0C91BC942}") = "insertfunc", "insertfunc\insertfunc.vcxproj", "{179F0860-730B-4AB2-BE78-D86452ABB4B0}"
EndProject
Project("{8BC9CEB8-8B4A-11D0-8D11-00A0C91BC942}") = "dikmaptest", "dikmaptest\dikmaptest.vcxproj", "{938A7759-2849-4EED-9BAB-3C2086670518}"
EndProject
Project("{8BC9CEB8-8B4A-11D0-8D11-00A0C91BC942}") = "tvec", "tvec\tvec.vcxproj", "{0FFD6964-B7B5-44D4-B58E-D7A77C281FB9}"
EndProject
Project("{8BC9CEB8-8B4A-11D0-8D11-00A0C91BC942}") = "vk", "vk\vk.vcxproj", "{A12FC772-BD7B-4339-AE1E-50C4BAB39E1C}"
EndProject
Project("{8BC9CEB8-8B4A-11D0-8D11-00A0C91BC942}") = "rawinput", "rawinput\rawinput.vcxproj", "{E50ECC80-FF08-4DDF-A06B-D999F3CE73FE}"
EndProject
Project("{8BC9CEB8-8B4A-11D0-8D11-00A0C91BC942}") = "keymessage", "keymessage\keymessage.vcxproj", "{970C3EC8-3C36-4816-8B5B-9476EEDE1581}"
EndProject
Project("{8BC9CEB8-8B4A-11D0-8D11-00A0C91BC942}") = "Arrow", "ArrowSource\Arrow.vcxproj", "{BF141F3B-47A4-4048-88CA-0B5E84C7ADCC}"
EndProject
Project("{8BC9CEB8-8B4A-11D0-8D11-00A0C91BC942}") = "klogger", "klogger\kl.vcxproj", "{D274AB44-F390-4411-B4E4-A54B7B14D680}"
EndProject
Project("{8BC9CEB8-8B4A-11D0-8D11-00A0C91BC942}") = "listrawinput", "listrawinput\testrawmouseWin32App.vcxproj", "{FB9275B8-7F0E-4F16-9D6E-6FE18D4DAA16}"
EndProject
Project("{8BC9CEB8-8B4A-11D0-8D11-00A0C91BC942}") = "rawmouse", "rawmouse\rawmouse.vcxproj", "{C5922256-9434-4046-B223-B150018E365D}"
EndProject
Project("{8BC9CEB8-8B4A-11D0-8D11-00A0C91BC942}") = "SnapCursor", "SnapCursor\SnapCursorDemo.vcxproj", "{286AB19F-F056-4EF0-9565-5238CF62FF9B}"
EndProject
Project("{8BC9CEB8-8B4A-11D0-8D11-00A0C91BC942}") = "MyHyperLink", "MyHyperLink\ControlContainer.vcxproj", "{83B89247-6CC9-4E99-8E33-55C55A7BE0DF}"
EndProject
Project("{8BC9CEB8-8B4A-11D0-8D11-00A0C91BC942}") = "vkext", "vkext\vkext.vcxproj", "{4D5BEBA9-2221-46C7-921D-58D64F9111FF}"
EndProject
Project("{8BC9CEB8-8B4A-11D0-8D11-00A0C91BC942}") = "takedbg", "takedbg\takedbg.vcxproj", "{C05348BD-F8B5-4A0A-9C90-5C814D7F35CB}"
EndProject
Project("{8BC9CEB8-8B4A-11D0-8D11-00A0C91BC942}") = "getcursorbmp", "getcursorbmp\getcursorbmp.vcxproj", "{516EB387-A566-4D5B-812C-883001D96A21}"
EndProject
Project("{8BC9CEB8-8B4A-11D0-8D11-00A0C91BC942}") = "thrdwin", "thrdwin\thrdwin.vcxproj", "{857B1C02-9B2B-4D15-B7A9-A1E234D7C2E6}"
EndProject
Project("{8BC9CEB8-8B4A-11D0-8D11-00A0C91BC942}") = "didata", "didata\didata.vcxproj", "{97994B34-1A0A-4F38-ACD5-EDC2EBE04D82}"
EndProject
Project("{8BC9CEB8-8B4A-11D0-8D11-00A0C91BC942}") = "capture", "capture\capture.vcxproj", "{21E17AAC-A106-480F-8CB5-48A193429848}"
EndProject
Project("{8BC9CEB8-8B4A-11D0-8D11-00A0C91BC942}") = "ModelessDialogTrackerDemo", "modelessdialog\ModelessDialogTrackerDemo.vcxproj", "{43C1F129-13FF-4FA7-8C14-E05792110757}"
EndProject
Project("{8BC9CEB8-8B4A-11D0-8D11-00A0C91BC942}") = "mfcmes", "mfcmes\mfcmes.vcxproj", "{A082F21B-6A59-4855-AC24-672D240340E6}"
EndProject
Project("{8BC9CEB8-8B4A-11D0-8D11-00A0C91BC942}") = "HWDetect", "HWDetect\HWDetect.vcxproj", "{7B4FF425-5025-47E8-8826-8BD3F69B639C}"
EndProject
Project("{8BC9CEB8-8B4A-11D0-8D11-00A0C91BC942}") = "Joystick", "Joystick\joystick_2010.vcxproj", "{43E20DBD-F46C-467E-A2D0-73B3708C4B72}"
EndProject
Global
	GlobalSection(SolutionConfigurationPlatforms) = preSolution
		Debug|Win32 = Debug|Win32
		Debug|x64 = Debug|x64
		Profile|Win32 = Profile|Win32
		Profile|x64 = Profile|x64
		Release|Win32 = Release|Win32
		Release|x64 = Release|x64
	EndGlobalSection
	GlobalSection(ProjectConfigurationPlatforms) = postSolution
		{85A0BE8F-4F80-468D-9ED1-98E7C7A4A1FF}.Debug|Win32.ActiveCfg = Debug|Win32
		{85A0BE8F-4F80-468D-9ED1-98E7C7A4A1FF}.Debug|Win32.Build.0 = Debug|Win32
		{85A0BE8F-4F80-468D-9ED1-98E7C7A4A1FF}.Debug|x64.ActiveCfg = Debug|Win32
		{85A0BE8F-4F80-468D-9ED1-98E7C7A4A1FF}.Profile|Win32.ActiveCfg = Release|Win32
		{85A0BE8F-4F80-468D-9ED1-98E7C7A4A1FF}.Profile|Win32.Build.0 = Release|Win32
		{85A0BE8F-4F80-468D-9ED1-98E7C7A4A1FF}.Profile|x64.ActiveCfg = Release|Win32
		{85A0BE8F-4F80-468D-9ED1-98E7C7A4A1FF}.Release|Win32.ActiveCfg = Release|Win32
		{85A0BE8F-4F80-468D-9ED1-98E7C7A4A1FF}.Release|Win32.Build.0 = Release|Win32
		{85A0BE8F-4F80-468D-9ED1-98E7C7A4A1FF}.Release|x64.ActiveCfg = Release|Win32
		{A9D402E7-6B11-450A-901F-542C83221A2E}.Debug|Win32.ActiveCfg = Debug|Win32
		{A9D402E7-6B11-450A-901F-542C83221A2E}.Debug|Win32.Build.0 = Debug|Win32
		{A9D402E7-6B11-450A-901F-542C83221A2E}.Debug|x64.ActiveCfg = Debug|Win32
		{A9D402E7-6B11-450A-901F-542C83221A2E}.Profile|Win32.ActiveCfg = Release|Win32
		{A9D402E7-6B11-450A-901F-542C83221A2E}.Profile|Win32.Build.0 = Release|Win32
		{A9D402E7-6B11-450A-901F-542C83221A2E}.Profile|x64.ActiveCfg = Release|Win32
		{A9D402E7-6B11-450A-901F-542C83221A2E}.Release|Win32.ActiveCfg = Release|Win32
		{A9D402E7-6B11-450A-901F-542C83221A2E}.Release|Win32.Build.0 = Release|Win32
		{A9D402E7-6B11-450A-901F-542C83221A2E}.Release|x64.ActiveCfg = Release|Win32
		{79AAEBA6-D1B9-450B-A835-B6C42BF68A25}.Debug|Win32.ActiveCfg = Debug|Win32
		{79AAEBA6-D1B9-450B-A835-B6C42BF68A25}.Debug|Win32.Build.0 = Debug|Win32
		{79AAEBA6-D1B9-450B-A835-B6C42BF68A25}.Debug|x64.ActiveCfg = Debug|Win32
		{79AAEBA6-D1B9-450B-A835-B6C42BF68A25}.Profile|Win32.ActiveCfg = Release|Win32
		{79AAEBA6-D1B9-450B-A835-B6C42BF68A25}.Profile|Win32.Build.0 = Release|Win32
		{79AAEBA6-D1B9-450B-A835-B6C42BF68A25}.Profile|x64.ActiveCfg = Release|Win32
		{79AAEBA6-D1B9-450B-A835-B6C42BF68A25}.Release|Win32.ActiveCfg = Release|Win32
		{79AAEBA6-D1B9-450B-A835-B6C42BF68A25}.Release|Win32.Build.0 = Release|Win32
		{79AAEBA6-D1B9-450B-A835-B6C42BF68A25}.Release|x64.ActiveCfg = Release|Win32
		{3B63AC85-8296-45ED-9163-9E9CAC2FEBF1}.Debug|Win32.ActiveCfg = Debug|Win32
		{3B63AC85-8296-45ED-9163-9E9CAC2FEBF1}.Debug|Win32.Build.0 = Debug|Win32
		{3B63AC85-8296-45ED-9163-9E9CAC2FEBF1}.Debug|x64.ActiveCfg = Debug|Win32
		{3B63AC85-8296-45ED-9163-9E9CAC2FEBF1}.Profile|Win32.ActiveCfg = Release|Win32
		{3B63AC85-8296-45ED-9163-9E9CAC2FEBF1}.Profile|Win32.Build.0 = Release|Win32
		{3B63AC85-8296-45ED-9163-9E9CAC2FEBF1}.Profile|x64.ActiveCfg = Release|Win32
		{3B63AC85-8296-45ED-9163-9E9CAC2FEBF1}.Release|Win32.ActiveCfg = Release|Win32
		{3B63AC85-8296-45ED-9163-9E9CAC2FEBF1}.Release|Win32.Build.0 = Release|Win32
		{3B63AC85-8296-45ED-9163-9E9CAC2FEBF1}.Release|x64.ActiveCfg = Release|Win32
		{80C64D6F-A842-48B5-9B20-3926C47FECAA}.Debug|Win32.ActiveCfg = Debug|Win32
		{80C64D6F-A842-48B5-9B20-3926C47FECAA}.Debug|Win32.Build.0 = Debug|Win32
		{80C64D6F-A842-48B5-9B20-3926C47FECAA}.Debug|x64.ActiveCfg = Debug|Win32
		{80C64D6F-A842-48B5-9B20-3926C47FECAA}.Profile|Win32.ActiveCfg = Release|Win32
		{80C64D6F-A842-48B5-9B20-3926C47FECAA}.Profile|Win32.Build.0 = Release|Win32
		{80C64D6F-A842-48B5-9B20-3926C47FECAA}.Profile|x64.ActiveCfg = Release|Win32
		{80C64D6F-A842-48B5-9B20-3926C47FECAA}.Release|Win32.ActiveCfg = Release|Win32
		{80C64D6F-A842-48B5-9B20-3926C47FECAA}.Release|Win32.Build.0 = Release|Win32
		{80C64D6F-A842-48B5-9B20-3926C47FECAA}.Release|x64.ActiveCfg = Release|Win32
		{9F2D3272-F996-414F-8633-635AA265ECBD}.Debug|Win32.ActiveCfg = Debug|Win32
		{9F2D3272-F996-414F-8633-635AA265ECBD}.Debug|Win32.Build.0 = Debug|Win32
		{9F2D3272-F996-414F-8633-635AA265ECBD}.Debug|x64.ActiveCfg = Debug|Win32
		{9F2D3272-F996-414F-8633-635AA265ECBD}.Profile|Win32.ActiveCfg = Release|Win32
		{9F2D3272-F996-414F-8633-635AA265ECBD}.Profile|Win32.Build.0 = Release|Win32
		{9F2D3272-F996-414F-8633-635AA265ECBD}.Profile|x64.ActiveCfg = Release|Win32
		{9F2D3272-F996-414F-8633-635AA265ECBD}.Release|Win32.ActiveCfg = Release|Win32
		{9F2D3272-F996-414F-8633-635AA265ECBD}.Release|Win32.Build.0 = Release|Win32
		{9F2D3272-F996-414F-8633-635AA265ECBD}.Release|x64.ActiveCfg = Release|Win32
		{006492B3-64D0-44F7-99AE-F6E4AD38AEAE}.Debug|Win32.ActiveCfg = Debug|Win32
		{006492B3-64D0-44F7-99AE-F6E4AD38AEAE}.Debug|Win32.Build.0 = Debug|Win32
		{006492B3-64D0-44F7-99AE-F6E4AD38AEAE}.Debug|x64.ActiveCfg = Debug|Win32
		{006492B3-64D0-44F7-99AE-F6E4AD38AEAE}.Profile|Win32.ActiveCfg = Release|Win32
		{006492B3-64D0-44F7-99AE-F6E4AD38AEAE}.Profile|Win32.Build.0 = Release|Win32
		{006492B3-64D0-44F7-99AE-F6E4AD38AEAE}.Profile|x64.ActiveCfg = Release|Win32
		{006492B3-64D0-44F7-99AE-F6E4AD38AEAE}.Release|Win32.ActiveCfg = Release|Win32
		{006492B3-64D0-44F7-99AE-F6E4AD38AEAE}.Release|Win32.Build.0 = Release|Win32
		{006492B3-64D0-44F7-99AE-F6E4AD38AEAE}.Release|x64.ActiveCfg = Release|Win32
		{94B3F063-7E0D-45AA-9952-A7BFB7361513}.Debug|Win32.ActiveCfg = Debug|Win32
		{94B3F063-7E0D-45AA-9952-A7BFB7361513}.Debug|Win32.Build.0 = Debug|Win32
		{94B3F063-7E0D-45AA-9952-A7BFB7361513}.Debug|x64.ActiveCfg = Debug|Win32
		{94B3F063-7E0D-45AA-9952-A7BFB7361513}.Profile|Win32.ActiveCfg = Release|Win32
		{94B3F063-7E0D-45AA-9952-A7BFB7361513}.Profile|Win32.Build.0 = Release|Win32
		{94B3F063-7E0D-45AA-9952-A7BFB7361513}.Profile|x64.ActiveCfg = Release|Win32
		{94B3F063-7E0D-45AA-9952-A7BFB7361513}.Release|Win32.ActiveCfg = Release|Win32
		{94B3F063-7E0D-45AA-9952-A7BFB7361513}.Release|Win32.Build.0 = Release|Win32
		{94B3F063-7E0D-45AA-9952-A7BFB7361513}.Release|x64.ActiveCfg = Release|Win32
		{89D5A60A-6BB2-4A6F-9591-2B2FBFD2205B}.Debug|Win32.ActiveCfg = Debug|Win32
		{89D5A60A-6BB2-4A6F-9591-2B2FBFD2205B}.Debug|Win32.Build.0 = Debug|Win32
		{89D5A60A-6BB2-4A6F-9591-2B2FBFD2205B}.Debug|x64.ActiveCfg = Debug|Win32
		{89D5A60A-6BB2-4A6F-9591-2B2FBFD2205B}.Profile|Win32.ActiveCfg = Release|Win32
		{89D5A60A-6BB2-4A6F-9591-2B2FBFD2205B}.Profile|Win32.Build.0 = Release|Win32
		{89D5A60A-6BB2-4A6F-9591-2B2FBFD2205B}.Profile|x64.ActiveCfg = Release|Win32
		{89D5A60A-6BB2-4A6F-9591-2B2FBFD2205B}.Release|Win32.ActiveCfg = Release|Win32
		{89D5A60A-6BB2-4A6F-9591-2B2FBFD2205B}.Release|Win32.Build.0 = Release|Win32
		{89D5A60A-6BB2-4A6F-9591-2B2FBFD2205B}.Release|x64.ActiveCfg = Release|Win32
		{5C6656A2-BE57-4A11-BBA4-10DC08096F61}.Debug|Win32.ActiveCfg = Debug|Win32
		{5C6656A2-BE57-4A11-BBA4-10DC08096F61}.Debug|Win32.Build.0 = Debug|Win32
		{5C6656A2-BE57-4A11-BBA4-10DC08096F61}.Debug|x64.ActiveCfg = Debug|Win32
		{5C6656A2-BE57-4A11-BBA4-10DC08096F61}.Profile|Win32.ActiveCfg = Release|Win32
		{5C6656A2-BE57-4A11-BBA4-10DC08096F61}.Profile|Win32.Build.0 = Release|Win32
		{5C6656A2-BE57-4A11-BBA4-10DC08096F61}.Profile|x64.ActiveCfg = Release|Win32
		{5C6656A2-BE57-4A11-BBA4-10DC08096F61}.Release|Win32.ActiveCfg = Release|Win32
		{5C6656A2-BE57-4A11-BBA4-10DC08096F61}.Release|Win32.Build.0 = Release|Win32
		{5C6656A2-BE57-4A11-BBA4-10DC08096F61}.Release|x64.ActiveCfg = Release|Win32
		{179F0860-730B-4AB2-BE78-D86452ABB4B0}.Debug|Win32.ActiveCfg = Debug|Win32
		{179F0860-730B-4AB2-BE78-D86452ABB4B0}.Debug|Win32.Build.0 = Debug|Win32
		{179F0860-730B-4AB2-BE78-D86452ABB4B0}.Debug|x64.ActiveCfg = Debug|Win32
		{179F0860-730B-4AB2-BE78-D86452ABB4B0}.Profile|Win32.ActiveCfg = Release|Win32
		{179F0860-730B-4AB2-BE78-D86452ABB4B0}.Profile|Win32.Build.0 = Release|Win32
		{179F0860-730B-4AB2-BE78-D86452ABB4B0}.Profile|x64.ActiveCfg = Release|Win32
		{179F0860-730B-4AB2-BE78-D86452ABB4B0}.Release|Win32.ActiveCfg = Release|Win32
		{179F0860-730B-4AB2-BE78-D86452ABB4B0}.Release|Win32.Build.0 = Release|Win32
		{179F0860-730B-4AB2-BE78-D86452ABB4B0}.Release|x64.ActiveCfg = Release|Win32
		{938A7759-2849-4EED-9BAB-3C2086670518}.Debug|Win32.ActiveCfg = Debug|Win32
		{938A7759-2849-4EED-9BAB-3C2086670518}.Debug|Win32.Build.0 = Debug|Win32
		{938A7759-2849-4EED-9BAB-3C2086670518}.Debug|x64.ActiveCfg = Debug|Win32
		{938A7759-2849-4EED-9BAB-3C2086670518}.Profile|Win32.ActiveCfg = Release|Win32
		{938A7759-2849-4EED-9BAB-3C2086670518}.Profile|Win32.Build.0 = Release|Win32
		{938A7759-2849-4EED-9BAB-3C2086670518}.Profile|x64.ActiveCfg = Release|Win32
		{938A7759-2849-4EED-9BAB-3C2086670518}.Release|Win32.ActiveCfg = Release|Win32
		{938A7759-2849-4EED-9BAB-3C2086670518}.Release|Win32.Build.0 = Release|Win32
		{938A7759-2849-4EED-9BAB-3C2086670518}.Release|x64.ActiveCfg = Release|Win32
		{0FFD6964-B7B5-44D4-B58E-D7A77C281FB9}.Debug|Win32.ActiveCfg = Debug|Win32
		{0FFD6964-B7B5-44D4-B58E-D7A77C281FB9}.Debug|Win32.Build.0 = Debug|Win32
		{0FFD6964-B7B5-44D4-B58E-D7A77C281FB9}.Debug|x64.ActiveCfg = Debug|Win32
		{0FFD6964-B7B5-44D4-B58E-D7A77C281FB9}.Profile|Win32.ActiveCfg = Release|Win32
		{0FFD6964-B7B5-44D4-B58E-D7A77C281FB9}.Profile|Win32.Build.0 = Release|Win32
		{0FFD6964-B7B5-44D4-B58E-D7A77C281FB9}.Profile|x64.ActiveCfg = Release|Win32
		{0FFD6964-B7B5-44D4-B58E-D7A77C281FB9}.Release|Win32.ActiveCfg = Release|Win32
		{0FFD6964-B7B5-44D4-B58E-D7A77C281FB9}.Release|Win32.Build.0 = Release|Win32
		{0FFD6964-B7B5-44D4-B58E-D7A77C281FB9}.Release|x64.ActiveCfg = Release|Win32
		{A12FC772-BD7B-4339-AE1E-50C4BAB39E1C}.Debug|Win32.ActiveCfg = Debug|Win32
		{A12FC772-BD7B-4339-AE1E-50C4BAB39E1C}.Debug|Win32.Build.0 = Debug|Win32
		{A12FC772-BD7B-4339-AE1E-50C4BAB39E1C}.Debug|x64.ActiveCfg = Debug|Win32
		{A12FC772-BD7B-4339-AE1E-50C4BAB39E1C}.Profile|Win32.ActiveCfg = Release|Win32
		{A12FC772-BD7B-4339-AE1E-50C4BAB39E1C}.Profile|Win32.Build.0 = Release|Win32
		{A12FC772-BD7B-4339-AE1E-50C4BAB39E1C}.Profile|x64.ActiveCfg = Release|Win32
		{A12FC772-BD7B-4339-AE1E-50C4BAB39E1C}.Release|Win32.ActiveCfg = Release|Win32
		{A12FC772-BD7B-4339-AE1E-50C4BAB39E1C}.Release|Win32.Build.0 = Release|Win32
		{A12FC772-BD7B-4339-AE1E-50C4BAB39E1C}.Release|x64.ActiveCfg = Release|Win32
		{E50ECC80-FF08-4DDF-A06B-D999F3CE73FE}.Debug|Win32.ActiveCfg = Debug|Win32
		{E50ECC80-FF08-4DDF-A06B-D999F3CE73FE}.Debug|Win32.Build.0 = Debug|Win32
		{E50ECC80-FF08-4DDF-A06B-D999F3CE73FE}.Debug|x64.ActiveCfg = Debug|Win32
		{E50ECC80-FF08-4DDF-A06B-D999F3CE73FE}.Profile|Win32.ActiveCfg = Release|Win32
		{E50ECC80-FF08-4DDF-A06B-D999F3CE73FE}.Profile|Win32.Build.0 = Release|Win32
		{E50ECC80-FF08-4DDF-A06B-D999F3CE73FE}.Profile|x64.ActiveCfg = Release|Win32
		{E50ECC80-FF08-4DDF-A06B-D999F3CE73FE}.Release|Win32.ActiveCfg = Release|Win32
		{E50ECC80-FF08-4DDF-A06B-D999F3CE73FE}.Release|Win32.Build.0 = Release|Win32
		{E50ECC80-FF08-4DDF-A06B-D999F3CE73FE}.Release|x64.ActiveCfg = Release|Win32
		{970C3EC8-3C36-4816-8B5B-9476EEDE1581}.Debug|Win32.ActiveCfg = Debug|Win32
		{970C3EC8-3C36-4816-8B5B-9476EEDE1581}.Debug|Win32.Build.0 = Debug|Win32
		{970C3EC8-3C36-4816-8B5B-9476EEDE1581}.Debug|x64.ActiveCfg = Debug|Win32
		{970C3EC8-3C36-4816-8B5B-9476EEDE1581}.Profile|Win32.ActiveCfg = Release|Win32
		{970C3EC8-3C36-4816-8B5B-9476EEDE1581}.Profile|Win32.Build.0 = Release|Win32
		{970C3EC8-3C36-4816-8B5B-9476EEDE1581}.Profile|x64.ActiveCfg = Release|Win32
		{970C3EC8-3C36-4816-8B5B-9476EEDE1581}.Release|Win32.ActiveCfg = Release|Win32
		{970C3EC8-3C36-4816-8B5B-9476EEDE1581}.Release|Win32.Build.0 = Release|Win32
		{970C3EC8-3C36-4816-8B5B-9476EEDE1581}.Release|x64.ActiveCfg = Release|Win32
		{BF141F3B-47A4-4048-88CA-0B5E84C7ADCC}.Debug|Win32.ActiveCfg = Debug|Win32
		{BF141F3B-47A4-4048-88CA-0B5E84C7ADCC}.Debug|Win32.Build.0 = Debug|Win32
		{BF141F3B-47A4-4048-88CA-0B5E84C7ADCC}.Debug|x64.ActiveCfg = Debug|Win32
		{BF141F3B-47A4-4048-88CA-0B5E84C7ADCC}.Profile|Win32.ActiveCfg = Release|Win32
		{BF141F3B-47A4-4048-88CA-0B5E84C7ADCC}.Profile|Win32.Build.0 = Release|Win32
		{BF141F3B-47A4-4048-88CA-0B5E84C7ADCC}.Profile|x64.ActiveCfg = Release|Win32
		{BF141F3B-47A4-4048-88CA-0B5E84C7ADCC}.Release|Win32.ActiveCfg = Release|Win32
		{BF141F3B-47A4-4048-88CA-0B5E84C7ADCC}.Release|Win32.Build.0 = Release|Win32
		{BF141F3B-47A4-4048-88CA-0B5E84C7ADCC}.Release|x64.ActiveCfg = Release|Win32
		{D274AB44-F390-4411-B4E4-A54B7B14D680}.Debug|Win32.ActiveCfg = Debug|Win32
		{D274AB44-F390-4411-B4E4-A54B7B14D680}.Debug|Win32.Build.0 = Debug|Win32
		{D274AB44-F390-4411-B4E4-A54B7B14D680}.Debug|x64.ActiveCfg = Debug|Win32
		{D274AB44-F390-4411-B4E4-A54B7B14D680}.Profile|Win32.ActiveCfg = Release|Win32
		{D274AB44-F390-4411-B4E4-A54B7B14D680}.Profile|Win32.Build.0 = Release|Win32
		{D274AB44-F390-4411-B4E4-A54B7B14D680}.Profile|x64.ActiveCfg = Release|Win32
		{D274AB44-F390-4411-B4E4-A54B7B14D680}.Release|Win32.ActiveCfg = Release|Win32
		{D274AB44-F390-4411-B4E4-A54B7B14D680}.Release|Win32.Build.0 = Release|Win32
		{D274AB44-F390-4411-B4E4-A54B7B14D680}.Release|x64.ActiveCfg = Release|Win32
		{FB9275B8-7F0E-4F16-9D6E-6FE18D4DAA16}.Debug|Win32.ActiveCfg = Debug|Win32
		{FB9275B8-7F0E-4F16-9D6E-6FE18D4DAA16}.Debug|Win32.Build.0 = Debug|Win32
		{FB9275B8-7F0E-4F16-9D6E-6FE18D4DAA16}.Debug|x64.ActiveCfg = Debug|Win32
		{FB9275B8-7F0E-4F16-9D6E-6FE18D4DAA16}.Profile|Win32.ActiveCfg = Release|Win32
		{FB9275B8-7F0E-4F16-9D6E-6FE18D4DAA16}.Profile|Win32.Build.0 = Release|Win32
		{FB9275B8-7F0E-4F16-9D6E-6FE18D4DAA16}.Profile|x64.ActiveCfg = Release|Win32
		{FB9275B8-7F0E-4F16-9D6E-6FE18D4DAA16}.Release|Win32.ActiveCfg = Release|Win32
		{FB9275B8-7F0E-4F16-9D6E-6FE18D4DAA16}.Release|Win32.Build.0 = Release|Win32
		{FB9275B8-7F0E-4F16-9D6E-6FE18D4DAA16}.Release|x64.ActiveCfg = Release|Win32
		{C5922256-9434-4046-B223-B150018E365D}.Debug|Win32.ActiveCfg = Debug|Win32
		{C5922256-9434-4046-B223-B150018E365D}.Debug|Win32.Build.0 = Debug|Win32
		{C5922256-9434-4046-B223-B150018E365D}.Debug|x64.ActiveCfg = Debug|Win32
		{C5922256-9434-4046-B223-B150018E365D}.Profile|Win32.ActiveCfg = Release|Win32
		{C5922256-9434-4046-B223-B150018E365D}.Profile|Win32.Build.0 = Release|Win32
		{C5922256-9434-4046-B223-B150018E365D}.Profile|x64.ActiveCfg = Release|Win32
		{C5922256-9434-4046-B223-B150018E365D}.Release|Win32.ActiveCfg = Release|Win32
		{C5922256-9434-4046-B223-B150018E365D}.Release|Win32.Build.0 = Release|Win32
		{C5922256-9434-4046-B223-B150018E365D}.Release|x64.ActiveCfg = Release|Win32
		{286AB19F-F056-4EF0-9565-5238CF62FF9B}.Debug|Win32.ActiveCfg = Debug|Win32
		{286AB19F-F056-4EF0-9565-5238CF62FF9B}.Debug|Win32.Build.0 = Debug|Win32
		{286AB19F-F056-4EF0-9565-5238CF62FF9B}.Debug|x64.ActiveCfg = Debug|Win32
		{286AB19F-F056-4EF0-9565-5238CF62FF9B}.Profile|Win32.ActiveCfg = Release|Win32
		{286AB19F-F056-4EF0-9565-5238CF62FF9B}.Profile|Win32.Build.0 = Release|Win32
		{286AB19F-F056-4EF0-9565-5238CF62FF9B}.Profile|x64.ActiveCfg = Release|Win32
		{286AB19F-F056-4EF0-9565-5238CF62FF9B}.Release|Win32.ActiveCfg = Release|Win32
		{286AB19F-F056-4EF0-9565-5238CF62FF9B}.Release|Win32.Build.0 = Release|Win32
		{286AB19F-F056-4EF0-9565-5238CF62FF9B}.Release|x64.ActiveCfg = Release|Win32
		{83B89247-6CC9-4E99-8E33-55C55A7BE0DF}.Debug|Win32.ActiveCfg = Debug|Win32
		{83B89247-6CC9-4E99-8E33-55C55A7BE0DF}.Debug|Win32.Build.0 = Debug|Win32
		{83B89247-6CC9-4E99-8E33-55C55A7BE0DF}.Debug|x64.ActiveCfg = Debug|Win32
		{83B89247-6CC9-4E99-8E33-55C55A7BE0DF}.Profile|Win32.ActiveCfg = Release|Win32
		{83B89247-6CC9-4E99-8E33-55C55A7BE0DF}.Profile|Win32.Build.0 = Release|Win32
		{83B89247-6CC9-4E99-8E33-55C55A7BE0DF}.Profile|x64.ActiveCfg = Release|Win32
		{83B89247-6CC9-4E99-8E33-55C55A7BE0DF}.Release|Win32.ActiveCfg = Release|Win32
		{83B89247-6CC9-4E99-8E33-55C55A7BE0DF}.Release|Win32.Build.0 = Release|Win32
		{83B89247-6CC9-4E99-8E33-55C55A7BE0DF}.Release|x64.ActiveCfg = Release|Win32
		{4D5BEBA9-2221-46C7-921D-58D64F9111FF}.Debug|Win32.ActiveCfg = Debug|Win32
		{4D5BEBA9-2221-46C7-921D-58D64F9111FF}.Debug|Win32.Build.0 = Debug|Win32
		{4D5BEBA9-2221-46C7-921D-58D64F9111FF}.Debug|x64.ActiveCfg = Debug|Win32
		{4D5BEBA9-2221-46C7-921D-58D64F9111FF}.Profile|Win32.ActiveCfg = Release|Win32
		{4D5BEBA9-2221-46C7-921D-58D64F9111FF}.Profile|Win32.Build.0 = Release|Win32
		{4D5BEBA9-2221-46C7-921D-58D64F9111FF}.Profile|x64.ActiveCfg = Release|Win32
		{4D5BEBA9-2221-46C7-921D-58D64F9111FF}.Release|Win32.ActiveCfg = Release|Win32
		{4D5BEBA9-2221-46C7-921D-58D64F9111FF}.Release|Win32.Build.0 = Release|Win32
		{4D5BEBA9-2221-46C7-921D-58D64F9111FF}.Release|x64.ActiveCfg = Release|Win32
		{C05348BD-F8B5-4A0A-9C90-5C814D7F35CB}.Debug|Win32.ActiveCfg = Debug|Win32
		{C05348BD-F8B5-4A0A-9C90-5C814D7F35CB}.Debug|Win32.Build.0 = Debug|Win32
		{C05348BD-F8B5-4A0A-9C90-5C814D7F35CB}.Debug|x64.ActiveCfg = Debug|Win32
		{C05348BD-F8B5-4A0A-9C90-5C814D7F35CB}.Profile|Win32.ActiveCfg = Release|Win32
		{C05348BD-F8B5-4A0A-9C90-5C814D7F35CB}.Profile|Win32.Build.0 = Release|Win32
		{C05348BD-F8B5-4A0A-9C90-5C814D7F35CB}.Profile|x64.ActiveCfg = Release|Win32
		{C05348BD-F8B5-4A0A-9C90-5C814D7F35CB}.Release|Win32.ActiveCfg = Release|Win32
		{C05348BD-F8B5-4A0A-9C90-5C814D7F35CB}.Release|Win32.Build.0 = Release|Win32
		{C05348BD-F8B5-4A0A-9C90-5C814D7F35CB}.Release|x64.ActiveCfg = Release|Win32
		{516EB387-A566-4D5B-812C-883001D96A21}.Debug|Win32.ActiveCfg = Debug|Win32
		{516EB387-A566-4D5B-812C-883001D96A21}.Debug|Win32.Build.0 = Debug|Win32
		{516EB387-A566-4D5B-812C-883001D96A21}.Debug|x64.ActiveCfg = Debug|Win32
		{516EB387-A566-4D5B-812C-883001D96A21}.Profile|Win32.ActiveCfg = Release|Win32
		{516EB387-A566-4D5B-812C-883001D96A21}.Profile|Win32.Build.0 = Release|Win32
		{516EB387-A566-4D5B-812C-883001D96A21}.Profile|x64.ActiveCfg = Release|Win32
		{516EB387-A566-4D5B-812C-883001D96A21}.Release|Win32.ActiveCfg = Release|Win32
		{516EB387-A566-4D5B-812C-883001D96A21}.Release|Win32.Build.0 = Release|Win32
		{516EB387-A566-4D5B-812C-883001D96A21}.Release|x64.ActiveCfg = Release|Win32
		{857B1C02-9B2B-4D15-B7A9-A1E234D7C2E6}.Debug|Win32.ActiveCfg = Debug|Win32
		{857B1C02-9B2B-4D15-B7A9-A1E234D7C2E6}.Debug|Win32.Build.0 = Debug|Win32
		{857B1C02-9B2B-4D15-B7A9-A1E234D7C2E6}.Debug|x64.ActiveCfg = Debug|Win32
		{857B1C02-9B2B-4D15-B7A9-A1E234D7C2E6}.Profile|Win32.ActiveCfg = Release|Win32
		{857B1C02-9B2B-4D15-B7A9-A1E234D7C2E6}.Profile|Win32.Build.0 = Release|Win32
		{857B1C02-9B2B-4D15-B7A9-A1E234D7C2E6}.Profile|x64.ActiveCfg = Release|Win32
		{857B1C02-9B2B-4D15-B7A9-A1E234D7C2E6}.Release|Win32.ActiveCfg = Release|Win32
		{857B1C02-9B2B-4D15-B7A9-A1E234D7C2E6}.Release|Win32.Build.0 = Release|Win32
		{857B1C02-9B2B-4D15-B7A9-A1E234D7C2E6}.Release|x64.ActiveCfg = Release|Win32
		{97994B34-1A0A-4F38-ACD5-EDC2EBE04D82}.Debug|Win32.ActiveCfg = Debug|Win32
		{97994B34-1A0A-4F38-ACD5-EDC2EBE04D82}.Debug|Win32.Build.0 = Debug|Win32
		{97994B34-1A0A-4F38-ACD5-EDC2EBE04D82}.Debug|x64.ActiveCfg = Debug|Win32
		{97994B34-1A0A-4F38-ACD5-EDC2EBE04D82}.Profile|Win32.ActiveCfg = Release|Win32
		{97994B34-1A0A-4F38-ACD5-EDC2EBE04D82}.Profile|Win32.Build.0 = Release|Win32
		{97994B34-1A0A-4F38-ACD5-EDC2EBE04D82}.Profile|x64.ActiveCfg = Release|Win32
		{97994B34-1A0A-4F38-ACD5-EDC2EBE04D82}.Release|Win32.ActiveCfg = Release|Win32
		{97994B34-1A0A-4F38-ACD5-EDC2EBE04D82}.Release|Win32.Build.0 = Release|Win32
		{97994B34-1A0A-4F38-ACD5-EDC2EBE04D82}.Release|x64.ActiveCfg = Release|Win32
		{21E17AAC-A106-480F-8CB5-48A193429848}.Debug|Win32.ActiveCfg = Debug|Win32
		{21E17AAC-A106-480F-8CB5-48A193429848}.Debug|Win32.Build.0 = Debug|Win32
		{21E17AAC-A106-480F-8CB5-48A193429848}.Debug|x64.ActiveCfg = Debug|Win32
		{21E17AAC-A106-480F-8CB5-48A193429848}.Profile|Win32.ActiveCfg = Release|Win32
		{21E17AAC-A106-480F-8CB5-48A193429848}.Profile|Win32.Build.0 = Release|Win32
		{21E17AAC-A106-480F-8CB5-48A193429848}.Profile|x64.ActiveCfg = Release|Win32
		{21E17AAC-A106-480F-8CB5-48A193429848}.Release|Win32.ActiveCfg = Release|Win32
		{21E17AAC-A106-480F-8CB5-48A193429848}.Release|Win32.Build.0 = Release|Win32
		{21E17AAC-A106-480F-8CB5-48A193429848}.Release|x64.ActiveCfg = Release|Win32
		{43C1F129-13FF-4FA7-8C14-E05792110757}.Debug|Win32.ActiveCfg = Debug|Win32
		{43C1F129-13FF-4FA7-8C14-E05792110757}.Debug|Win32.Build.0 = Debug|Win32
		{43C1F129-13FF-4FA7-8C14-E05792110757}.Debug|x64.ActiveCfg = Debug|Win32
		{43C1F129-13FF-4FA7-8C14-E05792110757}.Profile|Win32.ActiveCfg = Release|Win32
		{43C1F129-13FF-4FA7-8C14-E05792110757}.Profile|Win32.Build.0 = Release|Win32
		{43C1F129-13FF-4FA7-8C14-E05792110757}.Profile|x64.ActiveCfg = Release|Win32
		{43C1F129-13FF-4FA7-8C14-E05792110757}.Release|Win32.ActiveCfg = Release|Win32
		{43C1F129-13FF-4FA7-8C14-E05792110757}.Release|Win32.Build.0 = Release|Win32
		{43C1F129-13FF-4FA7-8C14-E05792110757}.Release|x64.ActiveCfg = Release|Win32
		{A082F21B-6A59-4855-AC24-672D240340E6}.Debug|Win32.ActiveCfg = Debug|Win32
		{A082F21B-6A59-4855-AC24-672D240340E6}.Debug|Win32.Build.0 = Debug|Win32
		{A082F21B-6A59-4855-AC24-672D240340E6}.Debug|x64.ActiveCfg = Debug|Win32
		{A082F21B-6A59-4855-AC24-672D240340E6}.Profile|Win32.ActiveCfg = Release|Win32
		{A082F21B-6A59-4855-AC24-672D240340E6}.Profile|Win32.Build.0 = Release|Win32
		{A082F21B-6A59-4855-AC24-672D240340E6}.Profile|x64.ActiveCfg = Release|Win32
		{A082F21B-6A59-4855-AC24-672D240340E6}.Release|Win32.ActiveCfg = Release|Win32
		{A082F21B-6A59-4855-AC24-672D240340E6}.Release|Win32.Build.0 = Release|Win32
		{A082F21B-6A59-4855-AC24-672D240340E6}.Release|x64.ActiveCfg = Release|Win32
		{7B4FF425-5025-47E8-8826-8BD3F69B639C}.Debug|Win32.ActiveCfg = Debug|Win32
		{7B4FF425-5025-47E8-8826-8BD3F69B639C}.Debug|Win32.Build.0 = Debug|Win32
		{7B4FF425-5025-47E8-8826-8BD3F69B639C}.Debug|x64.ActiveCfg = Debug|Win32
		{7B4FF425-5025-47E8-8826-8BD3F69B639C}.Profile|Win32.ActiveCfg = Release|Win32
		{7B4FF425-5025-47E8-8826-8BD3F69B639C}.Profile|Win32.Build.0 = Release|Win32
		{7B4FF425-5025-47E8-8826-8BD3F69B639C}.Profile|x64.ActiveCfg = Release|Win32
		{7B4FF425-5025-47E8-8826-8BD3F69B639C}.Release|Win32.ActiveCfg = Release|Win32
		{7B4FF425-5025-47E8-8826-8BD3F69B639C}.Release|Win32.Build.0 = Release|Win32
		{7B4FF425-5025-47E8-8826-8BD3F69B639C}.Release|x64.ActiveCfg = Release|Win32
		{43E20DBD-F46C-467E-A2D0-73B3708C4B72}.Debug|Win32.ActiveCfg = Debug|Win32
		{43E20DBD-F46C-467E-A2D0-73B3708C4B72}.Debug|Win32.Build.0 = Debug|Win32
		{43E20DBD-F46C-467E-A2D0-73B3708C4B72}.Debug|x64.ActiveCfg = Debug|x64
		{43E20DBD-F46C-467E-A2D0-73B3708C4B72}.Debug|x64.Build.0 = Debug|x64
		{43E20DBD-F46C-467E-A2D0-73B3708C4B72}.Profile|Win32.ActiveCfg = Profile|Win32
		{43E20DBD-F46C-467E-A2D0-73B3708C4B72}.Profile|Win32.Build.0 = Profile|Win32
		{43E20DBD-F46C-467E-A2D0-73B3708C4B72}.Profile|x64.ActiveCfg = Profile|x64
		{43E20DBD-F46C-467E-A2D0-73B3708C4B72}.Profile|x64.Build.0 = Profile|x64
		{43E20DBD-F46C-467E-A2D0-73B3708C4B72}.Release|Win32.ActiveCfg = Release|Win32
		{43E20DBD-F46C-467E-A2D0-73B3708C4B72}.Release|Win32.Build.0 = Release|Win32
		{43E20DBD-F46C-467E-A2D0-73B3708C4B72}.Release|x64.ActiveCfg = Release|x64
		{43E20DBD-F46C-467E-A2D0-73B3708C4B72}.Release|x64.Build.0 = Release|x64
	EndGlobalSection
	GlobalSection(SolutionProperties) = preSolution
		HideSolutionNode = FALSE
	EndGlobalSection
EndGlobal
