
Microsoft Visual Studio Solution File, Format Version 12.00
# Visual Studio 2013
VisualStudioVersion = 12.0.21005.1
MinimumVisualStudioVersion = 10.0.40219.1
Project("{8BC9CEB8-8B4A-11D0-8D11-00A0C91BC942}") = "memshare", "memshare\memshare.vcxproj", "{85A0BE8F-4F80-468D-9ED1-98E7C7A4A1FF}"
EndProject
Project("{8BC9CEB8-8B4A-11D0-8D11-00A0C91BC942}") = "segfault", "segfault\segfault.vcxproj", "{A9D402E7-6B11-450A-901F-542C83221A2E}"
EndProject
Project("{8BC9CEB8-8B4A-11D0-8D11-00A0C91BC942}") = "evcall", "evcall\evcall.vcxproj", "{79AAEBA6-D1B9-450B-A835-B6C42BF68A25}"
EndProject
Project("{8BC9CEB8-8B4A-11D0-8D11-00A0C91BC942}") = "vlist", "vlist\vlist.vcxproj", "{3B63AC85-8296-45ED-9163-9E9CAC2FEBF1}"
EndProject
Project("{8BC9CEB8-8B4A-11D0-8D11-00A0C91BC942}") = "wplay", "wplay\wplay.vcxproj", "{80C64D6F-A842-48B5-9B20-3926C47FECAA}"
EndProject
Project("{8BC9CEB8-8B4A-11D0-8D11-00A0C91BC942}") = "cproc", "cproc\cproc.vcxproj", "{9F2D3272-F996-414F-8633-635AA265ECBD}"
EndProject
Project("{8BC9CEB8-8B4A-11D0-8D11-00A0C91BC942}") = "lproc", "lproc\lproc.vcxproj", "{006492B3-64D0-44F7-99AE-F6E4AD38AEAE}"
EndProject
Project("{8BC9CEB8-8B4A-11D0-8D11-00A0C91BC942}") = "topwin", "topwin\topwin.vcxproj", "{94B3F063-7E0D-45AA-9952-A7BFB7361513}"
EndProject
Project("{8BC9CEB8-8B4A-11D0-8D11-00A0C91BC942}") = "dllbase", "dllbase\dllbase.vcxproj", "{89D5A60A-6BB2-4A6F-9591-2B2FBFD2205B}"
EndProject
Project("{8BC9CEB8-8B4A-11D0-8D11-00A0C91BC942}") = "pecheck", "pecheck\pecheck.vcxproj", "{5C6656A2-BE57-4A11-BBA4-10DC08096F61}"
EndProject
Project("{8BC9CEB8-8B4A-11D0-8D11-00A0C91BC942}") = "insertfunc", "insertfunc\insertfunc.vcxproj", "{179F0860-730B-4AB2-BE78-D86452ABB4B0}"
EndProject
Project("{8BC9CEB8-8B4A-11D0-8D11-00A0C91BC942}") = "dikmaptest", "dikmaptest\dikmaptest.vcxproj", "{938A7759-2849-4EED-9BAB-3C2086670518}"
EndProject
Project("{8BC9CEB8-8B4A-11D0-8D11-00A0C91BC942}") = "tvec", "tvec\tvec.vcxproj", "{0FFD6964-B7B5-44D4-B58E-D7A77C281FB9}"
EndProject
Global
	GlobalSection(SolutionConfigurationPlatforms) = preSolution
		Debug|Win32 = Debug|Win32
		Release|Win32 = Release|Win32
	EndGlobalSection
	GlobalSection(ProjectConfigurationPlatforms) = postSolution
		{85A0BE8F-4F80-468D-9ED1-98E7C7A4A1FF}.Debug|Win32.ActiveCfg = Debug|Win32
		{85A0BE8F-4F80-468D-9ED1-98E7C7A4A1FF}.Debug|Win32.Build.0 = Debug|Win32
		{85A0BE8F-4F80-468D-9ED1-98E7C7A4A1FF}.Release|Win32.ActiveCfg = Release|Win32
		{85A0BE8F-4F80-468D-9ED1-98E7C7A4A1FF}.Release|Win32.Build.0 = Release|Win32
		{A9D402E7-6B11-450A-901F-542C83221A2E}.Debug|Win32.ActiveCfg = Debug|Win32
		{A9D402E7-6B11-450A-901F-542C83221A2E}.Debug|Win32.Build.0 = Debug|Win32
		{A9D402E7-6B11-450A-901F-542C83221A2E}.Release|Win32.ActiveCfg = Release|Win32
		{A9D402E7-6B11-450A-901F-542C83221A2E}.Release|Win32.Build.0 = Release|Win32
		{79AAEBA6-D1B9-450B-A835-B6C42BF68A25}.Debug|Win32.ActiveCfg = Debug|Win32
		{79AAEBA6-D1B9-450B-A835-B6C42BF68A25}.Debug|Win32.Build.0 = Debug|Win32
		{79AAEBA6-D1B9-450B-A835-B6C42BF68A25}.Release|Win32.ActiveCfg = Release|Win32
		{79AAEBA6-D1B9-450B-A835-B6C42BF68A25}.Release|Win32.Build.0 = Release|Win32
		{3B63AC85-8296-45ED-9163-9E9CAC2FEBF1}.Debug|Win32.ActiveCfg = Debug|Win32
		{3B63AC85-8296-45ED-9163-9E9CAC2FEBF1}.Debug|Win32.Build.0 = Debug|Win32
		{3B63AC85-8296-45ED-9163-9E9CAC2FEBF1}.Release|Win32.ActiveCfg = Release|Win32
		{3B63AC85-8296-45ED-9163-9E9CAC2FEBF1}.Release|Win32.Build.0 = Release|Win32
		{80C64D6F-A842-48B5-9B20-3926C47FECAA}.Debug|Win32.ActiveCfg = Debug|Win32
		{80C64D6F-A842-48B5-9B20-3926C47FECAA}.Debug|Win32.Build.0 = Debug|Win32
		{80C64D6F-A842-48B5-9B20-3926C47FECAA}.Release|Win32.ActiveCfg = Release|Win32
		{80C64D6F-A842-48B5-9B20-3926C47FECAA}.Release|Win32.Build.0 = Release|Win32
		{9F2D3272-F996-414F-8633-635AA265ECBD}.Debug|Win32.ActiveCfg = Debug|Win32
		{9F2D3272-F996-414F-8633-635AA265ECBD}.Debug|Win32.Build.0 = Debug|Win32
		{9F2D3272-F996-414F-8633-635AA265ECBD}.Release|Win32.ActiveCfg = Release|Win32
		{9F2D3272-F996-414F-8633-635AA265ECBD}.Release|Win32.Build.0 = Release|Win32
		{006492B3-64D0-44F7-99AE-F6E4AD38AEAE}.Debug|Win32.ActiveCfg = Debug|Win32
		{006492B3-64D0-44F7-99AE-F6E4AD38AEAE}.Debug|Win32.Build.0 = Debug|Win32
		{006492B3-64D0-44F7-99AE-F6E4AD38AEAE}.Release|Win32.ActiveCfg = Release|Win32
		{006492B3-64D0-44F7-99AE-F6E4AD38AEAE}.Release|Win32.Build.0 = Release|Win32
		{94B3F063-7E0D-45AA-9952-A7BFB7361513}.Debug|Win32.ActiveCfg = Debug|Win32
		{94B3F063-7E0D-45AA-9952-A7BFB7361513}.Debug|Win32.Build.0 = Debug|Win32
		{94B3F063-7E0D-45AA-9952-A7BFB7361513}.Release|Win32.ActiveCfg = Release|Win32
		{94B3F063-7E0D-45AA-9952-A7BFB7361513}.Release|Win32.Build.0 = Release|Win32
		{89D5A60A-6BB2-4A6F-9591-2B2FBFD2205B}.Debug|Win32.ActiveCfg = Debug|Win32
		{89D5A60A-6BB2-4A6F-9591-2B2FBFD2205B}.Debug|Win32.Build.0 = Debug|Win32
		{89D5A60A-6BB2-4A6F-9591-2B2FBFD2205B}.Release|Win32.ActiveCfg = Release|Win32
		{89D5A60A-6BB2-4A6F-9591-2B2FBFD2205B}.Release|Win32.Build.0 = Release|Win32
		{5C6656A2-BE57-4A11-BBA4-10DC08096F61}.Debug|Win32.ActiveCfg = Debug|Win32
		{5C6656A2-BE57-4A11-BBA4-10DC08096F61}.Debug|Win32.Build.0 = Debug|Win32
		{5C6656A2-BE57-4A11-BBA4-10DC08096F61}.Release|Win32.ActiveCfg = Release|Win32
		{5C6656A2-BE57-4A11-BBA4-10DC08096F61}.Release|Win32.Build.0 = Release|Win32
		{179F0860-730B-4AB2-BE78-D86452ABB4B0}.Debug|Win32.ActiveCfg = Debug|Win32
		{179F0860-730B-4AB2-BE78-D86452ABB4B0}.Debug|Win32.Build.0 = Debug|Win32
		{179F0860-730B-4AB2-BE78-D86452ABB4B0}.Release|Win32.ActiveCfg = Release|Win32
		{179F0860-730B-4AB2-BE78-D86452ABB4B0}.Release|Win32.Build.0 = Release|Win32
		{938A7759-2849-4EED-9BAB-3C2086670518}.Debug|Win32.ActiveCfg = Debug|Win32
		{938A7759-2849-4EED-9BAB-3C2086670518}.Debug|Win32.Build.0 = Debug|Win32
		{938A7759-2849-4EED-9BAB-3C2086670518}.Release|Win32.ActiveCfg = Release|Win32
		{938A7759-2849-4EED-9BAB-3C2086670518}.Release|Win32.Build.0 = Release|Win32
		{0FFD6964-B7B5-44D4-B58E-D7A77C281FB9}.Debug|Win32.ActiveCfg = Debug|Win32
		{0FFD6964-B7B5-44D4-B58E-D7A77C281FB9}.Debug|Win32.Build.0 = Debug|Win32
		{0FFD6964-B7B5-44D4-B58E-D7A77C281FB9}.Release|Win32.ActiveCfg = Release|Win32
		{0FFD6964-B7B5-44D4-B58E-D7A77C281FB9}.Release|Win32.Build.0 = Release|Win32
	EndGlobalSection
	GlobalSection(SolutionProperties) = preSolution
		HideSolutionNode = FALSE
	EndGlobalSection
EndGlobal
