
Microsoft Visual Studio Solution File, Format Version 11.00
# Visual Studio 2010
Project("{8BC9CEB8-8B4A-11D0-8D11-00A0C91BC942}") = "killtp", "killtp\killtp.vcxproj", "{A9610EB4-6314-4CC2-BF06-E7C487A0C1E1}"
EndProject
Global
	GlobalSection(SolutionConfigurationPlatforms) = preSolution
		Debug|Win32 = Debug|Win32
		Release|Win32 = Release|Win32
	EndGlobalSection
	GlobalSection(ProjectConfigurationPlatforms) = postSolution
		{A9610EB4-6314-4CC2-BF06-E7C487A0C1E1}.Debug|Win32.ActiveCfg = Debug|Win32
		{A9610EB4-6314-4CC2-BF06-E7C487A0C1E1}.Debug|Win32.Build.0 = Debug|Win32
		{A9610EB4-6314-4CC2-BF06-E7C487A0C1E1}.Release|Win32.ActiveCfg = Release|Win32
		{A9610EB4-6314-4CC2-BF06-E7C487A0C1E1}.Release|Win32.Build.0 = Release|Win32
	EndGlobalSection
	GlobalSection(SolutionProperties) = preSolution
		HideSolutionNode = FALSE
	EndGlobalSection
EndGlobal
