
Microsoft Visual Studio Solution File, Format Version 11.00
# Visual Studio 2010
Project("{8BC9CEB8-8B4A-11D0-8D11-00A0C91BC942}") = "pcmcapinject", "pcmcapinject\pcmcapinject.vcxproj", "{68EC6CFC-9014-4413-BF3B-B7FD2FDAC73F}"
	ProjectSection(ProjectDependencies) = postProject
		{5D467559-39F5-4834-BD4C-17FE2F27E252} = {5D467559-39F5-4834-BD4C-17FE2F27E252}
	EndProjectSection
EndProject
Project("{8BC9CEB8-8B4A-11D0-8D11-00A0C91BC942}") = "pcmcap", "pcmcap\pcmcap.vcxproj", "{72F06273-CC20-443E-9D12-A51C79B97ADD}"
EndProject
Project("{8BC9CEB8-8B4A-11D0-8D11-00A0C91BC942}") = "controldemo", "controldemo\controldemo.vcxproj", "{754F000F-0E95-4EA6-A29A-06D97B40340A}"
EndProject
Project("{8BC9CEB8-8B4A-11D0-8D11-00A0C91BC942}") = "common", "common\common.vcxproj", "{5D467559-39F5-4834-BD4C-17FE2F27E252}"
EndProject
Global
	GlobalSection(SolutionConfigurationPlatforms) = preSolution
		Debug|Win32 = Debug|Win32
		Release|Win32 = Release|Win32
	EndGlobalSection
	GlobalSection(ProjectConfigurationPlatforms) = postSolution
		{68EC6CFC-9014-4413-BF3B-B7FD2FDAC73F}.Debug|Win32.ActiveCfg = Debug|Win32
		{68EC6CFC-9014-4413-BF3B-B7FD2FDAC73F}.Debug|Win32.Build.0 = Debug|Win32
		{68EC6CFC-9014-4413-BF3B-B7FD2FDAC73F}.Release|Win32.ActiveCfg = Release|Win32
		{68EC6CFC-9014-4413-BF3B-B7FD2FDAC73F}.Release|Win32.Build.0 = Release|Win32
		{72F06273-CC20-443E-9D12-A51C79B97ADD}.Debug|Win32.ActiveCfg = Debug|Win32
		{72F06273-CC20-443E-9D12-A51C79B97ADD}.Debug|Win32.Build.0 = Debug|Win32
		{72F06273-CC20-443E-9D12-A51C79B97ADD}.Release|Win32.ActiveCfg = Release|Win32
		{72F06273-CC20-443E-9D12-A51C79B97ADD}.Release|Win32.Build.0 = Release|Win32
		{754F000F-0E95-4EA6-A29A-06D97B40340A}.Debug|Win32.ActiveCfg = Debug|Win32
		{754F000F-0E95-4EA6-A29A-06D97B40340A}.Debug|Win32.Build.0 = Debug|Win32
		{754F000F-0E95-4EA6-A29A-06D97B40340A}.Release|Win32.ActiveCfg = Release|Win32
		{754F000F-0E95-4EA6-A29A-06D97B40340A}.Release|Win32.Build.0 = Release|Win32
		{5D467559-39F5-4834-BD4C-17FE2F27E252}.Debug|Win32.ActiveCfg = Debug|Win32
		{5D467559-39F5-4834-BD4C-17FE2F27E252}.Debug|Win32.Build.0 = Debug|Win32
		{5D467559-39F5-4834-BD4C-17FE2F27E252}.Release|Win32.ActiveCfg = Release|Win32
		{5D467559-39F5-4834-BD4C-17FE2F27E252}.Release|Win32.Build.0 = Release|Win32
	EndGlobalSection
	GlobalSection(SolutionProperties) = preSolution
		HideSolutionNode = FALSE
	EndGlobalSection
EndGlobal
